// !$*UTF8*$!
{
	archiveVersion = 1;
	classes = {
	};
	objectVersion = 50;
	objects = {

/* Begin PBXBuildFile section */
		42C157CB224A27A30060B3C9 /* AppDelegate.swift in Sources */ = {isa = PBXBuildFile; fileRef = 42C157CA224A27A30060B3C9 /* AppDelegate.swift */; };
		42C157CD224A27A30060B3C9 /* ViewController.swift in Sources */ = {isa = PBXBuildFile; fileRef = 42C157CC224A27A30060B3C9 /* ViewController.swift */; };
		42C157D0224A27A30060B3C9 /* Main.storyboard in Resources */ = {isa = PBXBuildFile; fileRef = 42C157CE224A27A30060B3C9 /* Main.storyboard */; };
		42C157D2224A27A40060B3C9 /* Assets.xcassets in Resources */ = {isa = PBXBuildFile; fileRef = 42C157D1224A27A40060B3C9 /* Assets.xcassets */; };
		42C157D5224A27A40060B3C9 /* LaunchScreen.storyboard in Resources */ = {isa = PBXBuildFile; fileRef = 42C157D3224A27A40060B3C9 /* LaunchScreen.storyboard */; };
		42C157DD224A3EC60060B3C9 /* AViewController.swift in Sources */ = {isa = PBXBuildFile; fileRef = 42C157DC224A3EC60060B3C9 /* AViewController.swift */; };
		42C157DF224A3ED00060B3C9 /* BViewController.swift in Sources */ = {isa = PBXBuildFile; fileRef = 42C157DE224A3ED00060B3C9 /* BViewController.swift */; };
/* End PBXBuildFile section */

/* Begin PBXFileReference section */
		42C157C7224A27A30060B3C9 /* TextFeildPractice.app */ = {isa = PBXFileReference; explicitFileType = wrapper.application; includeInIndex = 0; path = TextFeildPractice.app; sourceTree = BUILT_PRODUCTS_DIR; };
		42C157CA224A27A30060B3C9 /* AppDelegate.swift */ = {isa = PBXFileReference; lastKnownFileType = sourcecode.swift; path = AppDelegate.swift; sourceTree = "<group>"; };
		42C157CC224A27A30060B3C9 /* ViewController.swift */ = {isa = PBXFileReference; lastKnownFileType = sourcecode.swift; path = ViewController.swift; sourceTree = "<group>"; };
		42C157CF224A27A30060B3C9 /* Base */ = {isa = PBXFileReference; lastKnownFileType = file.storyboard; name = Base; path = Base.lproj/Main.storyboard; sourceTree = "<group>"; };
		42C157D1224A27A40060B3C9 /* Assets.xcassets */ = {isa = PBXFileReference; lastKnownFileType = folder.assetcatalog; path = Assets.xcassets; sourceTree = "<group>"; };
		42C157D4224A27A40060B3C9 /* Base */ = {isa = PBXFileReference; lastKnownFileType = file.storyboard; name = Base; path = Base.lproj/LaunchScreen.storyboard; sourceTree = "<group>"; };
		42C157D6224A27A40060B3C9 /* Info.plist */ = {isa = PBXFileReference; lastKnownFileType = text.plist.xml; path = Info.plist; sourceTree = "<group>"; };
		42C157DC224A3EC60060B3C9 /* AViewController.swift */ = {isa = PBXFileReference; lastKnownFileType = sourcecode.swift; path = AViewController.swift; sourceTree = "<group>"; };
		42C157DE224A3ED00060B3C9 /* BViewController.swift */ = {isa = PBXFileReference; lastKnownFileType = sourcecode.swift; path = BViewController.swift; sourceTree = "<group>"; };
/* End PBXFileReference section */

/* Begin PBXFrameworksBuildPhase section */
		42C157C4224A27A30060B3C9 /* Frameworks */ = {
			isa = PBXFrameworksBuildPhase;
			buildActionMask = 2147483647;
			files = (
			);
			runOnlyForDeploymentPostprocessing = 0;
		};
/* End PBXFrameworksBuildPhase section */

/* Begin PBXGroup section */
		42C157BE224A27A30060B3C9 = {
			isa = PBXGroup;
			children = (
				42C157C9224A27A30060B3C9 /* TextFeildPractice */,
				42C157C8224A27A30060B3C9 /* Products */,
			);
			sourceTree = "<group>";
		};
		42C157C8224A27A30060B3C9 /* Products */ = {
			isa = PBXGroup;
			children = (
				42C157C7224A27A30060B3C9 /* TextFeildPractice.app */,
			);
			name = Products;
			sourceTree = "<group>";
		};
		42C157C9224A27A30060B3C9 /* TextFeildPractice */ = {
			isa = PBXGroup;
			children = (
				42C157CA224A27A30060B3C9 /* AppDelegate.swift */,
				42C157CC224A27A30060B3C9 /* ViewController.swift */,
				42C157DC224A3EC60060B3C9 /* AViewController.swift */,
				42C157DE224A3ED00060B3C9 /* BViewController.swift */,
				42C157CE224A27A30060B3C9 /* Main.storyboard */,
				42C157D1224A27A40060B3C9 /* Assets.xcassets */,
				42C157D3224A27A40060B3C9 /* LaunchScreen.storyboard */,
				42C157D6224A27A40060B3C9 /* Info.plist */,
			);
			path = TextFeildPractice;
			sourceTree = "<group>";
		};
/* End PBXGroup section */

/* Begin PBXNativeTarget section */
		42C157C6224A27A30060B3C9 /* TextFeildPractice */ = {
			isa = PBXNativeTarget;
			buildConfigurationList = 42C157D9224A27A40060B3C9 /* Build configuration list for PBXNativeTarget "TextFeildPractice" */;
			buildPhases = (
				42C157C3224A27A30060B3C9 /* Sources */,
				42C157C4224A27A30060B3C9 /* Frameworks */,
				42C157C5224A27A30060B3C9 /* Resources */,
			);
			buildRules = (
			);
			dependencies = (
			);
			name = TextFeildPractice;
			productName = TextFeildPractice;
			productReference = 42C157C7224A27A30060B3C9 /* TextFeildPractice.app */;
			productType = "com.apple.product-type.application";
		};
/* End PBXNativeTarget section */

/* Begin PBXProject section */
		42C157BF224A27A30060B3C9 /* Project object */ = {
			isa = PBXProject;
			attributes = {
				LastSwiftUpdateCheck = 1010;
				LastUpgradeCheck = 1010;
				ORGANIZATIONNAME = "CHANGGUEN YU";
				TargetAttributes = {
					42C157C6224A27A30060B3C9 = {
						CreatedOnToolsVersion = 10.1;
					};
				};
			};
			buildConfigurationList = 42C157C2224A27A30060B3C9 /* Build configuration list for PBXProject "TextFeildPractice" */;
			compatibilityVersion = "Xcode 9.3";
			developmentRegion = en;
			hasScannedForEncodings = 0;
			knownRegions = (
				en,
				Base,
			);
			mainGroup = 42C157BE224A27A30060B3C9;
			productRefGroup = 42C157C8224A27A30060B3C9 /* Products */;
			projectDirPath = "";
			projectRoot = "";
			targets = (
				42C157C6224A27A30060B3C9 /* TextFeildPractice */,
			);
		};
/* End PBXProject section */

/* Begin PBXResourcesBuildPhase section */
		42C157C5224A27A30060B3C9 /* Resources */ = {
			isa = PBXResourcesBuildPhase;
			buildActionMask = 2147483647;
			files = (
				42C157D5224A27A40060B3C9 /* LaunchScreen.storyboard in Resources */,
				42C157D2224A27A40060B3C9 /* Assets.xcassets in Resources */,
				42C157D0224A27A30060B3C9 /* Main.storyboard in Resources */,
			);
			runOnlyForDeploymentPostprocessing = 0;
		};
/* End PBXResourcesBuildPhase section */

/* Begin PBXSourcesBuildPhase section */
		42C157C3224A27A30060B3C9 /* Sources */ = {
			isa = PBXSourcesBuildPhase;
			buildActionMask = 2147483647;
			files = (
				42C157CD224A27A30060B3C9 /* ViewController.swift in Sources */,
				42C157DF224A3ED00060B3C9 /* BViewController.swift in Sources */,
				42C157DD224A3EC60060B3C9 /* AViewController.swift in Sources */,
				42C157CB224A27A30060B3C9 /* AppDelegate.swift in Sources */,
			);
			runOnlyForDeploymentPostprocessing = 0;
		};
/* End PBXSourcesBuildPhase section */

/* Begin PBXVariantGroup section */
		42C157CE224A27A30060B3C9 /* Main.storyboard */ = {
			isa = PBXVariantGroup;
			children = (
				42C157CF224A27A30060B3C9 /* Base */,
			);
			name = Main.storyboard;
			sourceTree = "<group>";
		};
		42C157D3224A27A40060B3C9 /* LaunchScreen.storyboard */ = {
			isa = PBXVariantGroup;
			children = (
				42C157D4224A27A40060B3C9 /* Base */,
			);
			name = LaunchScreen.storyboard;
			sourceTree = "<group>";
		};
/* End PBXVariantGroup section */

/* Begin XCBuildConfiguration section */
		42C157D7224A27A40060B3C9 /* Debug */ = {
			isa = XCBuildConfiguration;
			buildSettings = {
				ALWAYS_SEARCH_USER_PATHS = NO;
				CLANG_ANALYZER_NONNULL = YES;
				CLANG_ANALYZER_NUMBER_OBJECT_CONVERSION = YES_AGGRESSIVE;
				CLANG_CXX_LANGUAGE_STANDARD = "gnu++14";
				CLANG_CXX_LIBRARY = "libc++";
				CLANG_ENABLE_MODULES = YES;
				CLANG_ENABLE_OBJC_ARC = YES;
				CLANG_ENABLE_OBJC_WEAK = YES;
				CLANG_WARN_BLOCK_CAPTURE_AUTORELEASING = YES;
				CLANG_WARN_BOOL_CONVERSION = YES;
				CLANG_WARN_COMMA = YES;
				CLANG_WARN_CONSTANT_CONVERSION = YES;
				CLANG_WARN_DEPRECATED_OBJC_IMPLEMENTATIONS = YES;
				CLANG_WARN_DIRECT_OBJC_ISA_USAGE = YES_ERROR;
				CLANG_WARN_DOCUMENTATION_COMMENTS = YES;
				CLANG_WARN_EMPTY_BODY = YES;
				CLANG_WARN_ENUM_CONVERSION = YES;
				CLANG_WARN_INFINITE_RECURSION = YES;
				CLANG_WARN_INT_CONVERSION = YES;
				CLANG_WARN_NON_LITERAL_NULL_CONVERSION = YES;
				CLANG_WARN_OBJC_IMPLICIT_RETAIN_SELF = YES;
				CLANG_WARN_OBJC_LITERAL_CONVERSION = YES;
				CLANG_WARN_OBJC_ROOT_CLASS = YES_ERROR;
				CLANG_WARN_RANGE_LOOP_ANALYSIS = YES;
				CLANG_WARN_STRICT_PROTOTYPES = YES;
				CLANG_WARN_SUSPICIOUS_MOVE = YES;
				CLANG_WARN_UNGUARDED_AVAILABILITY = YES_AGGRESSIVE;
				CLANG_WARN_UNREACHABLE_CODE = YES;
				CLANG_WARN__DUPLICATE_METHOD_MATCH = YES;
				CODE_SIGN_IDENTITY = "iPhone Developer";
				COPY_PHASE_STRIP = NO;
				DEBUG_INFORMATION_FORMAT = dwarf;
				ENABLE_STRICT_OBJC_MSGSEND = YES;
				ENABLE_TESTABILITY = YES;
				GCC_C_LANGUAGE_STANDARD = gnu11;
				GCC_DYNAMIC_NO_PIC = NO;
				GCC_NO_COMMON_BLOCKS = YES;
				GCC_OPTIMIZATION_LEVEL = 0;
				GCC_PREPROCESSOR_DEFINITIONS = (
					"DEBUG=1",
					"$(inherited)",
				);
				GCC_WARN_64_TO_32_BIT_CONVERSION = YES;
				GCC_WARN_ABOUT_RETURN_TYPE = YES_ERROR;
				GCC_WARN_UNDECLARED_SELECTOR = YES;
				GCC_WARN_UNINITIALIZED_AUTOS = YES_AGGRESSIVE;
				GCC_WARN_UNUSED_FUNCTION = YES;
				GCC_WARN_UNUSED_VARIABLE = YES;
				IPHONEOS_DEPLOYMENT_TARGET = 12.1;
				MTL_ENABLE_DEBUG_INFO = INCLUDE_SOURCE;
				MTL_FAST_MATH = YES;
				ONLY_ACTIVE_ARCH = YES;
				SDKROOT = iphoneos;
				SWIFT_ACTIVE_COMPILATION_CONDITIONS = DEBUG;
				SWIFT_OPTIMIZATION_LEVEL = "-Onone";
			};
			name = Debug;
		};
		42C157D8224A27A40060B3C9 /* Release */ = {
			isa = XCBuildConfiguration;
			buildSettings = {
				ALWAYS_SEARCH_USER_PATHS = NO;
				CLANG_ANALYZER_NONNULL = YES;
				CLANG_ANALYZER_NUMBER_OBJECT_CONVERSION = YES_AGGRESSIVE;
				CLANG_CXX_LANGUAGE_STANDARD = "gnu++14";
				CLANG_CXX_LIBRARY = "libc++";
				CLANG_ENABLE_MODULES = YES;
				CLANG_ENABLE_OBJC_ARC = YES;
				CLANG_ENABLE_OBJC_WEAK = YES;
				CLANG_WARN_BLOCK_CAPTURE_AUTORELEASING = YES;
				CLANG_WARN_BOOL_CONVERSION = YES;
				CLANG_WARN_COMMA = YES;
				CLANG_WARN_CONSTANT_CONVERSION = YES;
				CLANG_WARN_DEPRECATED_OBJC_IMPLEMENTATIONS = YES;
				CLANG_WARN_DIRECT_OBJC_ISA_USAGE = YES_ERROR;
				CLANG_WARN_DOCUMENTATION_COMMENTS = YES;
				CLANG_WARN_EMPTY_BODY = YES;
				CLANG_WARN_ENUM_CONVERSION = YES;
				CLANG_WARN_INFINITE_RECURSION = YES;
				CLANG_WARN_INT_CONVERSION = YES;
				CLANG_WARN_NON_LITERAL_NULL_CONVERSION = YES;
				CLANG_WARN_OBJC_IMPLICIT_RETAIN_SELF = YES;
				CLANG_WARN_OBJC_LITERAL_CONVERSION = YES;
				CLANG_WARN_OBJC_ROOT_CLASS = YES_ERROR;
				CLANG_WARN_RANGE_LOOP_ANALYSIS = YES;
				CLANG_WARN_STRICT_PROTOTYPES = YES;
				CLANG_WARN_SUSPICIOUS_MOVE = YES;
				CLANG_WARN_UNGUARDED_AVAILABILITY = YES_AGGRESSIVE;
				CLANG_WARN_UNREACHABLE_CODE = YES;
				CLANG_WARN__DUPLICATE_METHOD_MATCH = YES;
				CODE_SIGN_IDENTITY = "iPhone Developer";
				COPY_PHASE_STRIP = NO;
				DEBUG_INFORMATION_FORMAT = "dwarf-with-dsym";
				ENABLE_NS_ASSERTIONS = NO;
				ENABLE_STRICT_OBJC_MSGSEND = YES;
				GCC_C_LANGUAGE_STANDARD = gnu11;
				GCC_NO_COMMON_BLOCKS = YES;
				GCC_WARN_64_TO_32_BIT_CONVERSION = YES;
				GCC_WARN_ABOUT_RETURN_TYPE = YES_ERROR;
				GCC_WARN_UNDECLARED_SELECTOR = YES;
				GCC_WARN_UNINITIALIZED_AUTOS = YES_AGGRESSIVE;
				GCC_WARN_UNUSED_FUNCTION = YES;
				GCC_WARN_UNUSED_VARIABLE = YES;
				IPHONEOS_DEPLOYMENT_TARGET = 12.1;
				MTL_ENABLE_DEBUG_INFO = NO;
				MTL_FAST_MATH = YES;
				SDKROOT = iphoneos;
				SWIFT_COMPILATION_MODE = wholemodule;
				SWIFT_OPTIMIZATION_LEVEL = "-O";
				VALIDATE_PRODUCT = YES;
			};
			name = Release;
		};
		42C157DA224A27A40060B3C9 /* Debug */ = {
			isa = XCBuildConfiguration;
			buildSettings = {
				ASSETCATALOG_COMPILER_APPICON_NAME = AppIcon;
				CODE_SIGN_STYLE = Automatic;
				INFOPLIST_FILE = TextFeildPractice/Info.plist;
				LD_RUNPATH_SEARCH_PATHS = (
					"$(inherited)",
					"@executable_path/Frameworks",
				);
				PRODUCT_BUNDLE_IDENTIFIER = kr.xoul.TextFeildPractice;
				PRODUCT_NAME = "$(TARGET_NAME)";
				SWIFT_VERSION = 4.2;
				TARGETED_DEVICE_FAMILY = "1,2";
			};
			name = Debug;
		};
		42C157DB224A27A40060B3C9 /* Release */ = {
			isa = XCBuildConfiguration;
			buildSettings = {
				ASSETCATALOG_COMPILER_APPICON_NAME = AppIcon;
				CODE_SIGN_STYLE = Automatic;
				INFOPLIST_FILE = TextFeildPractice/Info.plist;
				LD_RUNPATH_SEARCH_PATHS = (
					"$(inherited)",
					"@executable_path/Frameworks",
				);
				PRODUCT_BUNDLE_IDENTIFIER = kr.xoul.TextFeildPractice;
				PRODUCT_NAME = "$(TARGET_NAME)";
				SWIFT_VERSION = 4.2;
				TARGETED_DEVICE_FAMILY = "1,2";
			};
			name = Release;
		};
/* End XCBuildConfiguration section */

/* Begin XCConfigurationList section */
		42C157C2224A27A30060B3C9 /* Build configuration list for PBXProject "TextFeildPractice" */ = {
			isa = XCConfigurationList;
			buildConfigurations = (
				42C157D7224A27A40060B3C9 /* Debug */,
				42C157D8224A27A40060B3C9 /* Release */,
			);
			defaultConfigurationIsVisible = 0;
			defaultConfigurationName = Release;
		};
		42C157D9224A27A40060B3C9 /* Build configuration list for PBXNativeTarget "TextFeildPractice" */ = {
			isa = XCConfigurationList;
			buildConfigurations = (
				42C157DA224A27A40060B3C9 /* Debug */,
				42C157DB224A27A40060B3C9 /* Release */,
			);
			defaultConfigurationIsVisible = 0;
			defaultConfigurationName = Release;
		};
/* End XCConfigurationList section */
	};
	rootObject = 42C157BF224A27A30060B3C9 /* Project object */;
}
