// !$*UTF8*$!
{
	archiveVersion = 1;
	classes = {
	};
	objectVersion = 50;
	objects = {

/* Begin PBXBuildFile section */
		42EEE5A7228A8B7E00847826 /* AppDelegate.swift in Sources */ = {isa = PBXBuildFile; fileRef = 42EEE5A6228A8B7E00847826 /* AppDelegate.swift */; };
		42EEE5A9228A8B7E00847826 /* ViewController.swift in Sources */ = {isa = PBXBuildFile; fileRef = 42EEE5A8228A8B7E00847826 /* ViewController.swift */; };
		42EEE5AC228A8B7E00847826 /* Main.storyboard in Resources */ = {isa = PBXBuildFile; fileRef = 42EEE5AA228A8B7E00847826 /* Main.storyboard */; };
		42EEE5AE228A8B7F00847826 /* Assets.xcassets in Resources */ = {isa = PBXBuildFile; fileRef = 42EEE5AD228A8B7F00847826 /* Assets.xcassets */; };
		42EEE5B1228A8B7F00847826 /* LaunchScreen.storyboard in Resources */ = {isa = PBXBuildFile; fileRef = 42EEE5AF228A8B7F00847826 /* LaunchScreen.storyboard */; };
/* End PBXBuildFile section */

/* Begin PBXFileReference section */
		42EEE5A3228A8B7E00847826 /* ButtonShowAnimaiotnPractice.app */ = {isa = PBXFileReference; explicitFileType = wrapper.application; includeInIndex = 0; path = ButtonShowAnimaiotnPractice.app; sourceTree = BUILT_PRODUCTS_DIR; };
		42EEE5A6228A8B7E00847826 /* AppDelegate.swift */ = {isa = PBXFileReference; lastKnownFileType = sourcecode.swift; path = AppDelegate.swift; sourceTree = "<group>"; };
		42EEE5A8228A8B7E00847826 /* ViewController.swift */ = {isa = PBXFileReference; lastKnownFileType = sourcecode.swift; path = ViewController.swift; sourceTree = "<group>"; };
		42EEE5AB228A8B7E00847826 /* Base */ = {isa = PBXFileReference; lastKnownFileType = file.storyboard; name = Base; path = Base.lproj/Main.storyboard; sourceTree = "<group>"; };
		42EEE5AD228A8B7F00847826 /* Assets.xcassets */ = {isa = PBXFileReference; lastKnownFileType = folder.assetcatalog; path = Assets.xcassets; sourceTree = "<group>"; };
		42EEE5B0228A8B7F00847826 /* Base */ = {isa = PBXFileReference; lastKnownFileType = file.storyboard; name = Base; path = Base.lproj/LaunchScreen.storyboard; sourceTree = "<group>"; };
		42EEE5B2228A8B7F00847826 /* Info.plist */ = {isa = PBXFileReference; lastKnownFileType = text.plist.xml; path = Info.plist; sourceTree = "<group>"; };
/* End PBXFileReference section */

/* Begin PBXFrameworksBuildPhase section */
		42EEE5A0228A8B7E00847826 /* Frameworks */ = {
			isa = PBXFrameworksBuildPhase;
			buildActionMask = 2147483647;
			files = (
			);
			runOnlyForDeploymentPostprocessing = 0;
		};
/* End PBXFrameworksBuildPhase section */

/* Begin PBXGroup section */
		42EEE59A228A8B7E00847826 = {
			isa = PBXGroup;
			children = (
				42EEE5A5228A8B7E00847826 /* ButtonShowAnimaiotnPractice */,
				42EEE5A4228A8B7E00847826 /* Products */,
			);
			sourceTree = "<group>";
		};
		42EEE5A4228A8B7E00847826 /* Products */ = {
			isa = PBXGroup;
			children = (
				42EEE5A3228A8B7E00847826 /* ButtonShowAnimaiotnPractice.app */,
			);
			name = Products;
			sourceTree = "<group>";
		};
		42EEE5A5228A8B7E00847826 /* ButtonShowAnimaiotnPractice */ = {
			isa = PBXGroup;
			children = (
				42EEE5A6228A8B7E00847826 /* AppDelegate.swift */,
				42EEE5A8228A8B7E00847826 /* ViewController.swift */,
				42EEE5AA228A8B7E00847826 /* Main.storyboard */,
				42EEE5AD228A8B7F00847826 /* Assets.xcassets */,
				42EEE5AF228A8B7F00847826 /* LaunchScreen.storyboard */,
				42EEE5B2228A8B7F00847826 /* Info.plist */,
			);
			path = ButtonShowAnimaiotnPractice;
			sourceTree = "<group>";
		};
/* End PBXGroup section */

/* Begin PBXNativeTarget section */
		42EEE5A2228A8B7E00847826 /* ButtonShowAnimaiotnPractice */ = {
			isa = PBXNativeTarget;
			buildConfigurationList = 42EEE5B5228A8B7F00847826 /* Build configuration list for PBXNativeTarget "ButtonShowAnimaiotnPractice" */;
			buildPhases = (
				42EEE59F228A8B7E00847826 /* Sources */,
				42EEE5A0228A8B7E00847826 /* Frameworks */,
				42EEE5A1228A8B7E00847826 /* Resources */,
			);
			buildRules = (
			);
			dependencies = (
			);
			name = ButtonShowAnimaiotnPractice;
			productName = ButtonShowAnimaiotnPractice;
			productReference = 42EEE5A3228A8B7E00847826 /* ButtonShowAnimaiotnPractice.app */;
			productType = "com.apple.product-type.application";
		};
/* End PBXNativeTarget section */

/* Begin PBXProject section */
		42EEE59B228A8B7E00847826 /* Project object */ = {
			isa = PBXProject;
			attributes = {
				LastSwiftUpdateCheck = 1020;
				LastUpgradeCheck = 1020;
				ORGANIZATIONNAME = "유창근";
				TargetAttributes = {
					42EEE5A2228A8B7E00847826 = {
						CreatedOnToolsVersion = 10.2.1;
					};
				};
			};
			buildConfigurationList = 42EEE59E228A8B7E00847826 /* Build configuration list for PBXProject "ButtonShowAnimaiotnPractice" */;
			compatibilityVersion = "Xcode 9.3";
			developmentRegion = en;
			hasScannedForEncodings = 0;
			knownRegions = (
				en,
				Base,
			);
			mainGroup = 42EEE59A228A8B7E00847826;
			productRefGroup = 42EEE5A4228A8B7E00847826 /* Products */;
			projectDirPath = "";
			projectRoot = "";
			targets = (
				42EEE5A2228A8B7E00847826 /* ButtonShowAnimaiotnPractice */,
			);
		};
/* End PBXProject section */

/* Begin PBXResourcesBuildPhase section */
		42EEE5A1228A8B7E00847826 /* Resources */ = {
			isa = PBXResourcesBuildPhase;
			buildActionMask = 2147483647;
			files = (
				42EEE5B1228A8B7F00847826 /* LaunchScreen.storyboard in Resources */,
				42EEE5AE228A8B7F00847826 /* Assets.xcassets in Resources */,
				42EEE5AC228A8B7E00847826 /* Main.storyboard in Resources */,
			);
			runOnlyForDeploymentPostprocessing = 0;
		};
/* End PBXResourcesBuildPhase section */

/* Begin PBXSourcesBuildPhase section */
		42EEE59F228A8B7E00847826 /* Sources */ = {
			isa = PBXSourcesBuildPhase;
			buildActionMask = 2147483647;
			files = (
				42EEE5A9228A8B7E00847826 /* ViewController.swift in Sources */,
				42EEE5A7228A8B7E00847826 /* AppDelegate.swift in Sources */,
			);
			runOnlyForDeploymentPostprocessing = 0;
		};
/* End PBXSourcesBuildPhase section */

/* Begin PBXVariantGroup section */
		42EEE5AA228A8B7E00847826 /* Main.storyboard */ = {
			isa = PBXVariantGroup;
			children = (
				42EEE5AB228A8B7E00847826 /* Base */,
			);
			name = Main.storyboard;
			sourceTree = "<group>";
		};
		42EEE5AF228A8B7F00847826 /* LaunchScreen.storyboard */ = {
			isa = PBXVariantGroup;
			children = (
				42EEE5B0228A8B7F00847826 /* Base */,
			);
			name = LaunchScreen.storyboard;
			sourceTree = "<group>";
		};
/* End PBXVariantGroup section */

/* Begin XCBuildConfiguration section */
		42EEE5B3228A8B7F00847826 /* Debug */ = {
			isa = XCBuildConfiguration;
			buildSettings = {
				ALWAYS_SEARCH_USER_PATHS = NO;
				CLANG_ANALYZER_NONNULL = YES;
				CLANG_ANALYZER_NUMBER_OBJECT_CONVERSION = YES_AGGRESSIVE;
				CLANG_CXX_LANGUAGE_STANDARD = "gnu++14";
				CLANG_CXX_LIBRARY = "libc++";
				CLANG_ENABLE_MODULES = YES;
				CLANG_ENABLE_OBJC_ARC = YES;
				CLANG_ENABLE_OBJC_WEAK = YES;
				CLANG_WARN_BLOCK_CAPTURE_AUTORELEASING = YES;
				CLANG_WARN_BOOL_CONVERSION = YES;
				CLANG_WARN_COMMA = YES;
				CLANG_WARN_CONSTANT_CONVERSION = YES;
				CLANG_WARN_DEPRECATED_OBJC_IMPLEMENTATIONS = YES;
				CLANG_WARN_DIRECT_OBJC_ISA_USAGE = YES_ERROR;
				CLANG_WARN_DOCUMENTATION_COMMENTS = YES;
				CLANG_WARN_EMPTY_BODY = YES;
				CLANG_WARN_ENUM_CONVERSION = YES;
				CLANG_WARN_INFINITE_RECURSION = YES;
				CLANG_WARN_INT_CONVERSION = YES;
				CLANG_WARN_NON_LITERAL_NULL_CONVERSION = YES;
				CLANG_WARN_OBJC_IMPLICIT_RETAIN_SELF = YES;
				CLANG_WARN_OBJC_LITERAL_CONVERSION = YES;
				CLANG_WARN_OBJC_ROOT_CLASS = YES_ERROR;
				CLANG_WARN_RANGE_LOOP_ANALYSIS = YES;
				CLANG_WARN_STRICT_PROTOTYPES = YES;
				CLANG_WARN_SUSPICIOUS_MOVE = YES;
				CLANG_WARN_UNGUARDED_AVAILABILITY = YES_AGGRESSIVE;
				CLANG_WARN_UNREACHABLE_CODE = YES;
				CLANG_WARN__DUPLICATE_METHOD_MATCH = YES;
				CODE_SIGN_IDENTITY = "iPhone Developer";
				COPY_PHASE_STRIP = NO;
				DEBUG_INFORMATION_FORMAT = dwarf;
				ENABLE_STRICT_OBJC_MSGSEND = YES;
				ENABLE_TESTABILITY = YES;
				GCC_C_LANGUAGE_STANDARD = gnu11;
				GCC_DYNAMIC_NO_PIC = NO;
				GCC_NO_COMMON_BLOCKS = YES;
				GCC_OPTIMIZATION_LEVEL = 0;
				GCC_PREPROCESSOR_DEFINITIONS = (
					"DEBUG=1",
					"$(inherited)",
				);
				GCC_WARN_64_TO_32_BIT_CONVERSION = YES;
				GCC_WARN_ABOUT_RETURN_TYPE = YES_ERROR;
				GCC_WARN_UNDECLARED_SELECTOR = YES;
				GCC_WARN_UNINITIALIZED_AUTOS = YES_AGGRESSIVE;
				GCC_WARN_UNUSED_FUNCTION = YES;
				GCC_WARN_UNUSED_VARIABLE = YES;
				IPHONEOS_DEPLOYMENT_TARGET = 12.2;
				MTL_ENABLE_DEBUG_INFO = INCLUDE_SOURCE;
				MTL_FAST_MATH = YES;
				ONLY_ACTIVE_ARCH = YES;
				SDKROOT = iphoneos;
				SWIFT_ACTIVE_COMPILATION_CONDITIONS = DEBUG;
				SWIFT_OPTIMIZATION_LEVEL = "-Onone";
			};
			name = Debug;
		};
		42EEE5B4228A8B7F00847826 /* Release */ = {
			isa = XCBuildConfiguration;
			buildSettings = {
				ALWAYS_SEARCH_USER_PATHS = NO;
				CLANG_ANALYZER_NONNULL = YES;
				CLANG_ANALYZER_NUMBER_OBJECT_CONVERSION = YES_AGGRESSIVE;
				CLANG_CXX_LANGUAGE_STANDARD = "gnu++14";
				CLANG_CXX_LIBRARY = "libc++";
				CLANG_ENABLE_MODULES = YES;
				CLANG_ENABLE_OBJC_ARC = YES;
				CLANG_ENABLE_OBJC_WEAK = YES;
				CLANG_WARN_BLOCK_CAPTURE_AUTORELEASING = YES;
				CLANG_WARN_BOOL_CONVERSION = YES;
				CLANG_WARN_COMMA = YES;
				CLANG_WARN_CONSTANT_CONVERSION = YES;
				CLANG_WARN_DEPRECATED_OBJC_IMPLEMENTATIONS = YES;
				CLANG_WARN_DIRECT_OBJC_ISA_USAGE = YES_ERROR;
				CLANG_WARN_DOCUMENTATION_COMMENTS = YES;
				CLANG_WARN_EMPTY_BODY = YES;
				CLANG_WARN_ENUM_CONVERSION = YES;
				CLANG_WARN_INFINITE_RECURSION = YES;
				CLANG_WARN_INT_CONVERSION = YES;
				CLANG_WARN_NON_LITERAL_NULL_CONVERSION = YES;
				CLANG_WARN_OBJC_IMPLICIT_RETAIN_SELF = YES;
				CLANG_WARN_OBJC_LITERAL_CONVERSION = YES;
				CLANG_WARN_OBJC_ROOT_CLASS = YES_ERROR;
				CLANG_WARN_RANGE_LOOP_ANALYSIS = YES;
				CLANG_WARN_STRICT_PROTOTYPES = YES;
				CLANG_WARN_SUSPICIOUS_MOVE = YES;
				CLANG_WARN_UNGUARDED_AVAILABILITY = YES_AGGRESSIVE;
				CLANG_WARN_UNREACHABLE_CODE = YES;
				CLANG_WARN__DUPLICATE_METHOD_MATCH = YES;
				CODE_SIGN_IDENTITY = "iPhone Developer";
				COPY_PHASE_STRIP = NO;
				DEBUG_INFORMATION_FORMAT = "dwarf-with-dsym";
				ENABLE_NS_ASSERTIONS = NO;
				ENABLE_STRICT_OBJC_MSGSEND = YES;
				GCC_C_LANGUAGE_STANDARD = gnu11;
				GCC_NO_COMMON_BLOCKS = YES;
				GCC_WARN_64_TO_32_BIT_CONVERSION = YES;
				GCC_WARN_ABOUT_RETURN_TYPE = YES_ERROR;
				GCC_WARN_UNDECLARED_SELECTOR = YES;
				GCC_WARN_UNINITIALIZED_AUTOS = YES_AGGRESSIVE;
				GCC_WARN_UNUSED_FUNCTION = YES;
				GCC_WARN_UNUSED_VARIABLE = YES;
				IPHONEOS_DEPLOYMENT_TARGET = 12.2;
				MTL_ENABLE_DEBUG_INFO = NO;
				MTL_FAST_MATH = YES;
				SDKROOT = iphoneos;
				SWIFT_COMPILATION_MODE = wholemodule;
				SWIFT_OPTIMIZATION_LEVEL = "-O";
				VALIDATE_PRODUCT = YES;
			};
			name = Release;
		};
		42EEE5B6228A8B7F00847826 /* Debug */ = {
			isa = XCBuildConfiguration;
			buildSettings = {
				ASSETCATALOG_COMPILER_APPICON_NAME = AppIcon;
				CODE_SIGN_STYLE = Automatic;
				DEVELOPMENT_TEAM = H7746RVFJ9;
				INFOPLIST_FILE = ButtonShowAnimaiotnPractice/Info.plist;
				LD_RUNPATH_SEARCH_PATHS = (
					"$(inherited)",
					"@executable_path/Frameworks",
				);
				PRODUCT_BUNDLE_IDENTIFIER = kr.xoul.ButtonShowAnimaiotnPractice;
				PRODUCT_NAME = "$(TARGET_NAME)";
				SWIFT_VERSION = 5.0;
				TARGETED_DEVICE_FAMILY = "1,2";
			};
			name = Debug;
		};
		42EEE5B7228A8B7F00847826 /* Release */ = {
			isa = XCBuildConfiguration;
			buildSettings = {
				ASSETCATALOG_COMPILER_APPICON_NAME = AppIcon;
				CODE_SIGN_STYLE = Automatic;
				DEVELOPMENT_TEAM = H7746RVFJ9;
				INFOPLIST_FILE = ButtonShowAnimaiotnPractice/Info.plist;
				LD_RUNPATH_SEARCH_PATHS = (
					"$(inherited)",
					"@executable_path/Frameworks",
				);
				PRODUCT_BUNDLE_IDENTIFIER = kr.xoul.ButtonShowAnimaiotnPractice;
				PRODUCT_NAME = "$(TARGET_NAME)";
				SWIFT_VERSION = 5.0;
				TARGETED_DEVICE_FAMILY = "1,2";
			};
			name = Release;
		};
/* End XCBuildConfiguration section */

/* Begin XCConfigurationList section */
		42EEE59E228A8B7E00847826 /* Build configuration list for PBXProject "ButtonShowAnimaiotnPractice" */ = {
			isa = XCConfigurationList;
			buildConfigurations = (
				42EEE5B3228A8B7F00847826 /* Debug */,
				42EEE5B4228A8B7F00847826 /* Release */,
			);
			defaultConfigurationIsVisible = 0;
			defaultConfigurationName = Release;
		};
		42EEE5B5228A8B7F00847826 /* Build configuration list for PBXNativeTarget "ButtonShowAnimaiotnPractice" */ = {
			isa = XCConfigurationList;
			buildConfigurations = (
				42EEE5B6228A8B7F00847826 /* Debug */,
				42EEE5B7228A8B7F00847826 /* Release */,
			);
			defaultConfigurationIsVisible = 0;
			defaultConfigurationName = Release;
		};
/* End XCConfigurationList section */
	};
	rootObject = 42EEE59B228A8B7E00847826 /* Project object */;
}
